// !$*UTF8*$!
{
	archiveVersion = 1;
	classes = {
	};
	objectVersion = 46;
	objects = {

/* Begin PBXBuildFile section */
		633B59A11ACE124B00E73AF8 /* TBTableViewController.swift in Sources */ = {isa = PBXBuildFile; fileRef = 633B59A01ACE124B00E73AF8 /* TBTableViewController.swift */; };
		63CCF8CD1AC787C500B15342 /* RouteSelectionViewController.swift in Sources */ = {isa = PBXBuildFile; fileRef = 63CCF8CC1AC787C500B15342 /* RouteSelectionViewController.swift */; };
		63D1CFE91ABA3B60007A7C4E /* StationListCell.swift in Sources */ = {isa = PBXBuildFile; fileRef = 63D1CFE81ABA3B60007A7C4E /* StationListCell.swift */; };
		71254FE31AC1097E00C82935 /* InitializingAppStatusView.swift in Sources */ = {isa = PBXBuildFile; fileRef = 71254FE11AC1097E00C82935 /* InitializingAppStatusView.swift */; };
		71254FE41AC1097E00C82935 /* InitializingAppStatusView.xib in Resources */ = {isa = PBXBuildFile; fileRef = 71254FE21AC1097E00C82935 /* InitializingAppStatusView.xib */; };
		715284C31AC7AD9500F1F247 /* TableViewController.swift in Sources */ = {isa = PBXBuildFile; fileRef = 715284C21AC7AD9500F1F247 /* TableViewController.swift */; };
		715F6EE01ABC9DCA0024F267 /* DestinationStationCell.swift in Sources */ = {isa = PBXBuildFile; fileRef = 715F6EDE1ABC9DCA0024F267 /* DestinationStationCell.swift */; };
		716471141ABFD2E200EEB50A /* ExampleChildViewController.swift in Sources */ = {isa = PBXBuildFile; fileRef = 716471121ABFD2E200EEB50A /* ExampleChildViewController.swift */; };
		716471151ABFD2E200EEB50A /* ExampleChildViewController.xib in Resources */ = {isa = PBXBuildFile; fileRef = 716471131ABFD2E200EEB50A /* ExampleChildViewController.xib */; };
		719288D41AB8FC7200AEE5E1 /* AppDelegate.swift in Sources */ = {isa = PBXBuildFile; fileRef = 719288D31AB8FC7200AEE5E1 /* AppDelegate.swift */; };
		719288D61AB8FC7200AEE5E1 /* MainViewController.swift in Sources */ = {isa = PBXBuildFile; fileRef = 719288D51AB8FC7200AEE5E1 /* MainViewController.swift */; };
		719288DB1AB8FC7200AEE5E1 /* Main.storyboard in Resources */ = {isa = PBXBuildFile; fileRef = 719288D91AB8FC7200AEE5E1 /* Main.storyboard */; };
		719288DD1AB8FC7200AEE5E1 /* Images.xcassets in Resources */ = {isa = PBXBuildFile; fileRef = 719288DC1AB8FC7200AEE5E1 /* Images.xcassets */; };
		719288E01AB8FC7200AEE5E1 /* LaunchScreen.xib in Resources */ = {isa = PBXBuildFile; fileRef = 719288DE1AB8FC7200AEE5E1 /* LaunchScreen.xib */; };
		719288EC1AB8FC7300AEE5E1 /* KBartTests.swift in Sources */ = {isa = PBXBuildFile; fileRef = 719288EB1AB8FC7300AEE5E1 /* KBartTests.swift */; };
		719288F61AB8FCDA00AEE5E1 /* Stations.swift in Sources */ = {isa = PBXBuildFile; fileRef = 719288F51AB8FCDA00AEE5E1 /* Stations.swift */; };
		719288F91AB91E3F00AEE5E1 /* AEXML.swift in Sources */ = {isa = PBXBuildFile; fileRef = 719288F81AB91E3F00AEE5E1 /* AEXML.swift */; };
		719288FC1AB91ECA00AEE5E1 /* BARTStations.xml in Resources */ = {isa = PBXBuildFile; fileRef = 719288FB1AB91ECA00AEE5E1 /* BARTStations.xml */; };
		71B1CFB11AC5043400F40EEE /* StationListViewController.swift in Sources */ = {isa = PBXBuildFile; fileRef = 71B1CFB01AC5043400F40EEE /* StationListViewController.swift */; };
		71B1CFB31AC5049800F40EEE /* StationDetailViewController.swift in Sources */ = {isa = PBXBuildFile; fileRef = 71B1CFB21AC5049800F40EEE /* StationDetailViewController.swift */; };
		71FD4A1D1ABA8A800009F4B7 /* ProjectConstants.swift in Sources */ = {isa = PBXBuildFile; fileRef = 71FD4A1C1ABA8A800009F4B7 /* ProjectConstants.swift */; };
		71FD4A1F1ABA8B010009F4B7 /* CodeSnips in Resources */ = {isa = PBXBuildFile; fileRef = 71FD4A1E1ABA8B010009F4B7 /* CodeSnips */; };
/* End PBXBuildFile section */

/* Begin PBXContainerItemProxy section */
		719288E61AB8FC7200AEE5E1 /* PBXContainerItemProxy */ = {
			isa = PBXContainerItemProxy;
			containerPortal = 719288C61AB8FC7200AEE5E1 /* Project object */;
			proxyType = 1;
			remoteGlobalIDString = 719288CD1AB8FC7200AEE5E1;
			remoteInfo = KBart;
		};
/* End PBXContainerItemProxy section */

/* Begin PBXFileReference section */
		633B59A01ACE124B00E73AF8 /* TBTableViewController.swift */ = {isa = PBXFileReference; fileEncoding = 4; lastKnownFileType = sourcecode.swift; name = TBTableViewController.swift; path = KBart/TBTableViewController.swift; sourceTree = "<group>"; };
		63CCF8CC1AC787C500B15342 /* RouteSelectionViewController.swift */ = {isa = PBXFileReference; fileEncoding = 4; lastKnownFileType = sourcecode.swift; path = RouteSelectionViewController.swift; sourceTree = "<group>"; };
		63D1CFE81ABA3B60007A7C4E /* StationListCell.swift */ = {isa = PBXFileReference; fileEncoding = 4; lastKnownFileType = sourcecode.swift; path = StationListCell.swift; sourceTree = "<group>"; };
		71254FE11AC1097E00C82935 /* InitializingAppStatusView.swift */ = {isa = PBXFileReference; fileEncoding = 4; lastKnownFileType = sourcecode.swift; path = InitializingAppStatusView.swift; sourceTree = "<group>"; };
		71254FE21AC1097E00C82935 /* InitializingAppStatusView.xib */ = {isa = PBXFileReference; fileEncoding = 4; lastKnownFileType = file.xib; path = InitializingAppStatusView.xib; sourceTree = "<group>"; };
		715284C21AC7AD9500F1F247 /* TableViewController.swift */ = {isa = PBXFileReference; fileEncoding = 4; lastKnownFileType = sourcecode.swift; path = TableViewController.swift; sourceTree = "<group>"; };
		715F6EDE1ABC9DCA0024F267 /* DestinationStationCell.swift */ = {isa = PBXFileReference; fileEncoding = 4; lastKnownFileType = sourcecode.swift; path = DestinationStationCell.swift; sourceTree = "<group>"; };
		716471121ABFD2E200EEB50A /* ExampleChildViewController.swift */ = {isa = PBXFileReference; fileEncoding = 4; lastKnownFileType = sourcecode.swift; path = ExampleChildViewController.swift; sourceTree = "<group>"; };
		716471131ABFD2E200EEB50A /* ExampleChildViewController.xib */ = {isa = PBXFileReference; fileEncoding = 4; lastKnownFileType = file.xib; path = ExampleChildViewController.xib; sourceTree = "<group>"; };
		719288CE1AB8FC7200AEE5E1 /* KBart.app */ = {isa = PBXFileReference; explicitFileType = wrapper.application; includeInIndex = 0; path = KBart.app; sourceTree = BUILT_PRODUCTS_DIR; };
		719288D21AB8FC7200AEE5E1 /* Info.plist */ = {isa = PBXFileReference; lastKnownFileType = text.plist.xml; path = Info.plist; sourceTree = "<group>"; };
		719288D31AB8FC7200AEE5E1 /* AppDelegate.swift */ = {isa = PBXFileReference; lastKnownFileType = sourcecode.swift; path = AppDelegate.swift; sourceTree = "<group>"; };
		719288D51AB8FC7200AEE5E1 /* MainViewController.swift */ = {isa = PBXFileReference; lastKnownFileType = sourcecode.swift; path = MainViewController.swift; sourceTree = "<group>"; };
		719288DA1AB8FC7200AEE5E1 /* Base */ = {isa = PBXFileReference; lastKnownFileType = file.storyboard; name = Base; path = Base.lproj/Main.storyboard; sourceTree = "<group>"; };
		719288DC1AB8FC7200AEE5E1 /* Images.xcassets */ = {isa = PBXFileReference; lastKnownFileType = folder.assetcatalog; path = Images.xcassets; sourceTree = "<group>"; };
		719288DF1AB8FC7200AEE5E1 /* Base */ = {isa = PBXFileReference; lastKnownFileType = file.xib; name = Base; path = Base.lproj/LaunchScreen.xib; sourceTree = "<group>"; };
		719288E51AB8FC7200AEE5E1 /* KBartTests.xctest */ = {isa = PBXFileReference; explicitFileType = wrapper.cfbundle; includeInIndex = 0; path = KBartTests.xctest; sourceTree = BUILT_PRODUCTS_DIR; };
		719288EA1AB8FC7300AEE5E1 /* Info.plist */ = {isa = PBXFileReference; lastKnownFileType = text.plist.xml; path = Info.plist; sourceTree = "<group>"; };
		719288EB1AB8FC7300AEE5E1 /* KBartTests.swift */ = {isa = PBXFileReference; lastKnownFileType = sourcecode.swift; path = KBartTests.swift; sourceTree = "<group>"; };
		719288F51AB8FCDA00AEE5E1 /* Stations.swift */ = {isa = PBXFileReference; fileEncoding = 4; lastKnownFileType = sourcecode.swift; path = Stations.swift; sourceTree = "<group>"; };
		719288F81AB91E3F00AEE5E1 /* AEXML.swift */ = {isa = PBXFileReference; fileEncoding = 4; lastKnownFileType = sourcecode.swift; path = AEXML.swift; sourceTree = "<group>"; };
		719288FB1AB91ECA00AEE5E1 /* BARTStations.xml */ = {isa = PBXFileReference; fileEncoding = 4; lastKnownFileType = text.xml; path = BARTStations.xml; sourceTree = "<group>"; };
		71B1CFB01AC5043400F40EEE /* StationListViewController.swift */ = {isa = PBXFileReference; fileEncoding = 4; lastKnownFileType = sourcecode.swift; path = StationListViewController.swift; sourceTree = "<group>"; };
		71B1CFB21AC5049800F40EEE /* StationDetailViewController.swift */ = {isa = PBXFileReference; fileEncoding = 4; lastKnownFileType = sourcecode.swift; path = StationDetailViewController.swift; sourceTree = "<group>"; };
		71FD4A1C1ABA8A800009F4B7 /* ProjectConstants.swift */ = {isa = PBXFileReference; fileEncoding = 4; lastKnownFileType = sourcecode.swift; path = ProjectConstants.swift; sourceTree = "<group>"; };
		71FD4A1E1ABA8B010009F4B7 /* CodeSnips */ = {isa = PBXFileReference; fileEncoding = 4; lastKnownFileType = text; name = CodeSnips; path = KBart/CodeSnips; sourceTree = "<group>"; };
/* End PBXFileReference section */

/* Begin PBXFrameworksBuildPhase section */
		719288CB1AB8FC7200AEE5E1 /* Frameworks */ = {
			isa = PBXFrameworksBuildPhase;
			buildActionMask = 2147483647;
			files = (
			);
			runOnlyForDeploymentPostprocessing = 0;
		};
		719288E21AB8FC7200AEE5E1 /* Frameworks */ = {
			isa = PBXFrameworksBuildPhase;
			buildActionMask = 2147483647;
			files = (
			);
			runOnlyForDeploymentPostprocessing = 0;
		};
/* End PBXFrameworksBuildPhase section */

/* Begin PBXGroup section */
		719288C51AB8FC7200AEE5E1 = {
			isa = PBXGroup;
			children = (
				633B59A01ACE124B00E73AF8 /* TBTableViewController.swift */,
				715284C21AC7AD9500F1F247 /* TableViewController.swift */,
				71C5E6491AC30B1700A5A597 /* Examples and Snips */,
				71254FE11AC1097E00C82935 /* InitializingAppStatusView.swift */,
				71254FE21AC1097E00C82935 /* InitializingAppStatusView.xib */,
				719288D01AB8FC7200AEE5E1 /* KBart */,
				719288E81AB8FC7200AEE5E1 /* KBartTests */,
				719288CF1AB8FC7200AEE5E1 /* Products */,
			);
			sourceTree = "<group>";
		};
		719288CF1AB8FC7200AEE5E1 /* Products */ = {
			isa = PBXGroup;
			children = (
				719288CE1AB8FC7200AEE5E1 /* KBart.app */,
				719288E51AB8FC7200AEE5E1 /* KBartTests.xctest */,
			);
			name = Products;
			sourceTree = "<group>";
		};
		719288D01AB8FC7200AEE5E1 /* KBart */ = {
			isa = PBXGroup;
			children = (
				719288FA1AB91EAC00AEE5E1 /* BART Data */,
				719288F71AB91E2A00AEE5E1 /* XMLParsers */,
				719288D31AB8FC7200AEE5E1 /* AppDelegate.swift */,
				719288D91AB8FC7200AEE5E1 /* Main.storyboard */,
				719288DC1AB8FC7200AEE5E1 /* Images.xcassets */,
				719288DE1AB8FC7200AEE5E1 /* LaunchScreen.xib */,
				719288D11AB8FC7200AEE5E1 /* Supporting Files */,
				719288F51AB8FCDA00AEE5E1 /* Stations.swift */,
				63D1CFE81ABA3B60007A7C4E /* StationListCell.swift */,
				715F6EDE1ABC9DCA0024F267 /* DestinationStationCell.swift */,
				71FD4A1C1ABA8A800009F4B7 /* ProjectConstants.swift */,
				719288D51AB8FC7200AEE5E1 /* MainViewController.swift */,
				71B1CFB01AC5043400F40EEE /* StationListViewController.swift */,
				71B1CFB21AC5049800F40EEE /* StationDetailViewController.swift */,
				63CCF8CC1AC787C500B15342 /* RouteSelectionViewController.swift */,
			);
			path = KBart;
			sourceTree = "<group>";
		};
		719288D11AB8FC7200AEE5E1 /* Supporting Files */ = {
			isa = PBXGroup;
			children = (
				719288D21AB8FC7200AEE5E1 /* Info.plist */,
			);
			name = "Supporting Files";
			sourceTree = "<group>";
		};
		719288E81AB8FC7200AEE5E1 /* KBartTests */ = {
			isa = PBXGroup;
			children = (
				719288EB1AB8FC7300AEE5E1 /* KBartTests.swift */,
				719288E91AB8FC7300AEE5E1 /* Supporting Files */,
			);
			path = KBartTests;
			sourceTree = "<group>";
		};
		719288E91AB8FC7300AEE5E1 /* Supporting Files */ = {
			isa = PBXGroup;
			children = (
				719288EA1AB8FC7300AEE5E1 /* Info.plist */,
			);
			name = "Supporting Files";
			sourceTree = "<group>";
		};
		719288F71AB91E2A00AEE5E1 /* XMLParsers */ = {
			isa = PBXGroup;
			children = (
				719288F81AB91E3F00AEE5E1 /* AEXML.swift */,
			);
			name = XMLParsers;
			sourceTree = "<group>";
		};
		719288FA1AB91EAC00AEE5E1 /* BART Data */ = {
			isa = PBXGroup;
			children = (
				719288FB1AB91ECA00AEE5E1 /* BARTStations.xml */,
			);
			name = "BART Data";
			sourceTree = "<group>";
		};
		71C5E6491AC30B1700A5A597 /* Examples and Snips */ = {
			isa = PBXGroup;
			children = (
				716471131ABFD2E200EEB50A /* ExampleChildViewController.xib */,
				716471121ABFD2E200EEB50A /* ExampleChildViewController.swift */,
				71FD4A1E1ABA8B010009F4B7 /* CodeSnips */,
			);
			name = "Examples and Snips";
			sourceTree = "<group>";
		};
/* End PBXGroup section */

/* Begin PBXNativeTarget section */
		719288CD1AB8FC7200AEE5E1 /* KBart */ = {
			isa = PBXNativeTarget;
			buildConfigurationList = 719288EF1AB8FC7300AEE5E1 /* Build configuration list for PBXNativeTarget "KBart" */;
			buildPhases = (
				719288CA1AB8FC7200AEE5E1 /* Sources */,
				719288CB1AB8FC7200AEE5E1 /* Frameworks */,
				719288CC1AB8FC7200AEE5E1 /* Resources */,
			);
			buildRules = (
			);
			dependencies = (
			);
			name = KBart;
			productName = KBart;
			productReference = 719288CE1AB8FC7200AEE5E1 /* KBart.app */;
			productType = "com.apple.product-type.application";
		};
		719288E41AB8FC7200AEE5E1 /* KBartTests */ = {
			isa = PBXNativeTarget;
			buildConfigurationList = 719288F21AB8FC7300AEE5E1 /* Build configuration list for PBXNativeTarget "KBartTests" */;
			buildPhases = (
				719288E11AB8FC7200AEE5E1 /* Sources */,
				719288E21AB8FC7200AEE5E1 /* Frameworks */,
				719288E31AB8FC7200AEE5E1 /* Resources */,
			);
			buildRules = (
			);
			dependencies = (
				719288E71AB8FC7200AEE5E1 /* PBXTargetDependency */,
			);
			name = KBartTests;
			productName = KBartTests;
			productReference = 719288E51AB8FC7200AEE5E1 /* KBartTests.xctest */;
			productType = "com.apple.product-type.bundle.unit-test";
		};
/* End PBXNativeTarget section */

/* Begin PBXProject section */
		719288C61AB8FC7200AEE5E1 /* Project object */ = {
			isa = PBXProject;
			attributes = {
				LastSwiftMigration = 0700;
				LastSwiftUpdateCheck = 0700;
				LastUpgradeCheck = 0700;
				ORGANIZATIONNAME = KenCeglia;
				TargetAttributes = {
					719288CD1AB8FC7200AEE5E1 = {
						CreatedOnToolsVersion = 6.2;
						LastSwiftMigration = 0800;
					};
					719288E41AB8FC7200AEE5E1 = {
						CreatedOnToolsVersion = 6.2;
						DevelopmentTeam = 3635JWELB9;
						LastSwiftMigration = 0800;
						TestTargetID = 719288CD1AB8FC7200AEE5E1;
					};
				};
			};
			buildConfigurationList = 719288C91AB8FC7200AEE5E1 /* Build configuration list for PBXProject "KBart" */;
			compatibilityVersion = "Xcode 3.2";
			developmentRegion = English;
			hasScannedForEncodings = 0;
			knownRegions = (
				English,
				en,
				Base,
			);
			mainGroup = 719288C51AB8FC7200AEE5E1;
			productRefGroup = 719288CF1AB8FC7200AEE5E1 /* Products */;
			projectDirPath = "";
			projectRoot = "";
			targets = (
				719288CD1AB8FC7200AEE5E1 /* KBart */,
				719288E41AB8FC7200AEE5E1 /* KBartTests */,
			);
		};
/* End PBXProject section */

/* Begin PBXResourcesBuildPhase section */
		719288CC1AB8FC7200AEE5E1 /* Resources */ = {
			isa = PBXResourcesBuildPhase;
			buildActionMask = 2147483647;
			files = (
				71FD4A1F1ABA8B010009F4B7 /* CodeSnips in Resources */,
				71254FE41AC1097E00C82935 /* InitializingAppStatusView.xib in Resources */,
				719288DB1AB8FC7200AEE5E1 /* Main.storyboard in Resources */,
				719288FC1AB91ECA00AEE5E1 /* BARTStations.xml in Resources */,
				719288E01AB8FC7200AEE5E1 /* LaunchScreen.xib in Resources */,
				716471151ABFD2E200EEB50A /* ExampleChildViewController.xib in Resources */,
				719288DD1AB8FC7200AEE5E1 /* Images.xcassets in Resources */,
			);
			runOnlyForDeploymentPostprocessing = 0;
		};
		719288E31AB8FC7200AEE5E1 /* Resources */ = {
			isa = PBXResourcesBuildPhase;
			buildActionMask = 2147483647;
			files = (
			);
			runOnlyForDeploymentPostprocessing = 0;
		};
/* End PBXResourcesBuildPhase section */

/* Begin PBXSourcesBuildPhase section */
		719288CA1AB8FC7200AEE5E1 /* Sources */ = {
			isa = PBXSourcesBuildPhase;
			buildActionMask = 2147483647;
			files = (
				719288F91AB91E3F00AEE5E1 /* AEXML.swift in Sources */,
				71B1CFB11AC5043400F40EEE /* StationListViewController.swift in Sources */,
				715284C31AC7AD9500F1F247 /* TableViewController.swift in Sources */,
				719288D41AB8FC7200AEE5E1 /* AppDelegate.swift in Sources */,
				715F6EE01ABC9DCA0024F267 /* DestinationStationCell.swift in Sources */,
				719288F61AB8FCDA00AEE5E1 /* Stations.swift in Sources */,
				71B1CFB31AC5049800F40EEE /* StationDetailViewController.swift in Sources */,
				71FD4A1D1ABA8A800009F4B7 /* ProjectConstants.swift in Sources */,
				63D1CFE91ABA3B60007A7C4E /* StationListCell.swift in Sources */,
				716471141ABFD2E200EEB50A /* ExampleChildViewController.swift in Sources */,
				63CCF8CD1AC787C500B15342 /* RouteSelectionViewController.swift in Sources */,
				633B59A11ACE124B00E73AF8 /* TBTableViewController.swift in Sources */,
				719288D61AB8FC7200AEE5E1 /* MainViewController.swift in Sources */,
				71254FE31AC1097E00C82935 /* InitializingAppStatusView.swift in Sources */,
			);
			runOnlyForDeploymentPostprocessing = 0;
		};
		719288E11AB8FC7200AEE5E1 /* Sources */ = {
			isa = PBXSourcesBuildPhase;
			buildActionMask = 2147483647;
			files = (
				719288EC1AB8FC7300AEE5E1 /* KBartTests.swift in Sources */,
			);
			runOnlyForDeploymentPostprocessing = 0;
		};
/* End PBXSourcesBuildPhase section */

/* Begin PBXTargetDependency section */
		719288E71AB8FC7200AEE5E1 /* PBXTargetDependency */ = {
			isa = PBXTargetDependency;
			target = 719288CD1AB8FC7200AEE5E1 /* KBart */;
			targetProxy = 719288E61AB8FC7200AEE5E1 /* PBXContainerItemProxy */;
		};
/* End PBXTargetDependency section */

/* Begin PBXVariantGroup section */
		719288D91AB8FC7200AEE5E1 /* Main.storyboard */ = {
			isa = PBXVariantGroup;
			children = (
				719288DA1AB8FC7200AEE5E1 /* Base */,
			);
			name = Main.storyboard;
			sourceTree = "<group>";
		};
		719288DE1AB8FC7200AEE5E1 /* LaunchScreen.xib */ = {
			isa = PBXVariantGroup;
			children = (
				719288DF1AB8FC7200AEE5E1 /* Base */,
			);
			name = LaunchScreen.xib;
			sourceTree = "<group>";
		};
/* End PBXVariantGroup section */

/* Begin XCBuildConfiguration section */
		719288ED1AB8FC7300AEE5E1 /* Debug */ = {
			isa = XCBuildConfiguration;
			buildSettings = {
				ALWAYS_SEARCH_USER_PATHS = NO;
				CLANG_CXX_LANGUAGE_STANDARD = "gnu++0x";
				CLANG_CXX_LIBRARY = "libc++";
				CLANG_ENABLE_MODULES = YES;
				CLANG_ENABLE_OBJC_ARC = YES;
				CLANG_WARN_BOOL_CONVERSION = YES;
				CLANG_WARN_CONSTANT_CONVERSION = YES;
				CLANG_WARN_DIRECT_OBJC_ISA_USAGE = YES_ERROR;
				CLANG_WARN_EMPTY_BODY = YES;
				CLANG_WARN_ENUM_CONVERSION = YES;
				CLANG_WARN_INT_CONVERSION = YES;
				CLANG_WARN_OBJC_ROOT_CLASS = YES_ERROR;
				CLANG_WARN_UNREACHABLE_CODE = YES;
				CLANG_WARN__DUPLICATE_METHOD_MATCH = YES;
				"CODE_SIGN_IDENTITY[sdk=iphoneos*]" = "iPhone Developer";
				COPY_PHASE_STRIP = NO;
				ENABLE_STRICT_OBJC_MSGSEND = YES;
				ENABLE_TESTABILITY = YES;
				GCC_C_LANGUAGE_STANDARD = gnu99;
				GCC_DYNAMIC_NO_PIC = NO;
				GCC_OPTIMIZATION_LEVEL = 0;
				GCC_PREPROCESSOR_DEFINITIONS = (
					"DEBUG=1",
					"$(inherited)",
				);
				GCC_SYMBOLS_PRIVATE_EXTERN = NO;
				GCC_WARN_64_TO_32_BIT_CONVERSION = YES;
				GCC_WARN_ABOUT_RETURN_TYPE = YES_ERROR;
				GCC_WARN_UNDECLARED_SELECTOR = YES;
				GCC_WARN_UNINITIALIZED_AUTOS = YES_AGGRESSIVE;
				GCC_WARN_UNUSED_FUNCTION = YES;
				GCC_WARN_UNUSED_VARIABLE = YES;
				IPHONEOS_DEPLOYMENT_TARGET = 13.0;
				MTL_ENABLE_DEBUG_INFO = YES;
				ONLY_ACTIVE_ARCH = YES;
				SDKROOT = iphoneos;
				SWIFT_OPTIMIZATION_LEVEL = "-Onone";
				TARGETED_DEVICE_FAMILY = "1,2";
			};
			name = Debug;
		};
		719288EE1AB8FC7300AEE5E1 /* Release */ = {
			isa = XCBuildConfiguration;
			buildSettings = {
				ALWAYS_SEARCH_USER_PATHS = NO;
				CLANG_CXX_LANGUAGE_STANDARD = "gnu++0x";
				CLANG_CXX_LIBRARY = "libc++";
				CLANG_ENABLE_MODULES = YES;
				CLANG_ENABLE_OBJC_ARC = YES;
				CLANG_WARN_BOOL_CONVERSION = YES;
				CLANG_WARN_CONSTANT_CONVERSION = YES;
				CLANG_WARN_DIRECT_OBJC_ISA_USAGE = YES_ERROR;
				CLANG_WARN_EMPTY_BODY = YES;
				CLANG_WARN_ENUM_CONVERSION = YES;
				CLANG_WARN_INT_CONVERSION = YES;
				CLANG_WARN_OBJC_ROOT_CLASS = YES_ERROR;
				CLANG_WARN_UNREACHABLE_CODE = YES;
				CLANG_WARN__DUPLICATE_METHOD_MATCH = YES;
				"CODE_SIGN_IDENTITY[sdk=iphoneos*]" = "iPhone Developer";
				COPY_PHASE_STRIP = NO;
				ENABLE_NS_ASSERTIONS = NO;
				ENABLE_STRICT_OBJC_MSGSEND = YES;
				GCC_C_LANGUAGE_STANDARD = gnu99;
				GCC_WARN_64_TO_32_BIT_CONVERSION = YES;
				GCC_WARN_ABOUT_RETURN_TYPE = YES_ERROR;
				GCC_WARN_UNDECLARED_SELECTOR = YES;
				GCC_WARN_UNINITIALIZED_AUTOS = YES_AGGRESSIVE;
				GCC_WARN_UNUSED_FUNCTION = YES;
				GCC_WARN_UNUSED_VARIABLE = YES;
				IPHONEOS_DEPLOYMENT_TARGET = 13.0;
				MTL_ENABLE_DEBUG_INFO = NO;
				SDKROOT = iphoneos;
				TARGETED_DEVICE_FAMILY = "1,2";
				VALIDATE_PRODUCT = YES;
			};
			name = Release;
		};
		719288F01AB8FC7300AEE5E1 /* Debug */ = {
			isa = XCBuildConfiguration;
			buildSettings = {
				ASSETCATALOG_COMPILER_APPICON_NAME = AppIcon;
				INFOPLIST_FILE = KBart/Info.plist;
				LD_RUNPATH_SEARCH_PATHS = "$(inherited) @executable_path/Frameworks";
				PRODUCT_BUNDLE_IDENTIFIER = "KNZ.$(PRODUCT_NAME:rfc1034identifier)";
				PRODUCT_NAME = "$(TARGET_NAME)";
				SWIFT_VERSION = 5.0;
			};
			name = Debug;
		};
		719288F11AB8FC7300AEE5E1 /* Release */ = {
			isa = XCBuildConfiguration;
			buildSettings = {
				ASSETCATALOG_COMPILER_APPICON_NAME = AppIcon;
				INFOPLIST_FILE = KBart/Info.plist;
				LD_RUNPATH_SEARCH_PATHS = "$(inherited) @executable_path/Frameworks";
				PRODUCT_BUNDLE_IDENTIFIER = "KNZ.$(PRODUCT_NAME:rfc1034identifier)";
				PRODUCT_NAME = "$(TARGET_NAME)";
				SWIFT_VERSION = 5.0;
			};
			name = Release;
		};
		719288F31AB8FC7300AEE5E1 /* Debug */ = {
			isa = XCBuildConfiguration;
			buildSettings = {
				BUNDLE_LOADER = "$(TEST_HOST)";
				DEVELOPMENT_TEAM = 3635JWELB9;
				FRAMEWORK_SEARCH_PATHS = (
					"$(SDKROOT)/Developer/Library/Frameworks",
					"$(inherited)",
				);
				GCC_PREPROCESSOR_DEFINITIONS = (
					"DEBUG=1",
					"$(inherited)",
				);
				INFOPLIST_FILE = KBartTests/Info.plist;
				LD_RUNPATH_SEARCH_PATHS = "$(inherited) @executable_path/Frameworks @loader_path/Frameworks";
				PRODUCT_BUNDLE_IDENTIFIER = "KNZ.$(PRODUCT_NAME:rfc1034identifier)";
				PRODUCT_NAME = "$(TARGET_NAME)";
				SWIFT_VERSION = 5.0;
				TEST_HOST = "$(BUILT_PRODUCTS_DIR)/KBart.app/KBart";
			};
			name = Debug;
		};
		719288F41AB8FC7300AEE5E1 /* Release */ = {
			isa = XCBuildConfiguration;
			buildSettings = {
				BUNDLE_LOADER = "$(TEST_HOST)";
				DEVELOPMENT_TEAM = 3635JWELB9;
				FRAMEWORK_SEARCH_PATHS = (
					"$(SDKROOT)/Developer/Library/Frameworks",
					"$(inherited)",
				);
				INFOPLIST_FILE = KBartTests/Info.plist;
				LD_RUNPATH_SEARCH_PATHS = "$(inherited) @executable_path/Frameworks @loader_path/Frameworks";
				PRODUCT_BUNDLE_IDENTIFIER = "KNZ.$(PRODUCT_NAME:rfc1034identifier)";
				PRODUCT_NAME = "$(TARGET_NAME)";
				SWIFT_VERSION = 5.0;
				TEST_HOST = "$(BUILT_PRODUCTS_DIR)/KBart.app/KBart";
			};
			name = Release;
		};
/* End XCBuildConfiguration section */

/* Begin XCConfigurationList section */
		719288C91AB8FC7200AEE5E1 /* Build configuration list for PBXProject "KBart" */ = {
			isa = XCConfigurationList;
			buildConfigurations = (
				719288ED1AB8FC7300AEE5E1 /* Debug */,
				719288EE1AB8FC7300AEE5E1 /* Release */,
			);
			defaultConfigurationIsVisible = 0;
			defaultConfigurationName = Release;
		};
		719288EF1AB8FC7300AEE5E1 /* Build configuration list for PBXNativeTarget "KBart" */ = {
			isa = XCConfigurationList;
			buildConfigurations = (
				719288F01AB8FC7300AEE5E1 /* Debug */,
				719288F11AB8FC7300AEE5E1 /* Release */,
			);
			defaultConfigurationIsVisible = 0;
			defaultConfigurationName = Release;
		};
		719288F21AB8FC7300AEE5E1 /* Build configuration list for PBXNativeTarget "KBartTests" */ = {
			isa = XCConfigurationList;
			buildConfigurations = (
				719288F31AB8FC7300AEE5E1 /* Debug */,
				719288F41AB8FC7300AEE5E1 /* Release */,
			);
			defaultConfigurationIsVisible = 0;
			defaultConfigurationName = Release;
		};
/* End XCConfigurationList section */
	};
	rootObject = 719288C61AB8FC7200AEE5E1 /* Project object */;
}
